
Microsoft Visual Studio Solution File, Format Version 12.00
# Visual Studio Version 16
VisualStudioVersion = 16.0.31313.79
MinimumVisualStudioVersion = 10.0.40219.1
Project("{FAE04EC0-301F-11D3-BF4B-00C04F79EFBC}") = "FBJ.Api", "FBJ.Api\FBJ.Api.csproj", "{003A06CB-C7F0-4797-9075-7F2A86689D7F}"
EndProject
Global
	GlobalSection(SolutionConfigurationPlatforms) = preSolution
		Debug|Any CPU = Debug|Any CPU
		Release|Any CPU = Release|Any CPU
	EndGlobalSection
	GlobalSection(ProjectConfigurationPlatforms) = postSolution
		{003A06CB-C7F0-4797-9075-7F2A86689D7F}.Debug|Any CPU.ActiveCfg = Debug|Any CPU
		{003A06CB-C7F0-4797-9075-7F2A86689D7F}.Debug|Any CPU.Build.0 = Debug|Any CPU
		{003A06CB-C7F0-4797-9075-7F2A86689D7F}.Release|Any CPU.ActiveCfg = Release|Any CPU
		{003A06CB-C7F0-4797-9075-7F2A86689D7F}.Release|Any CPU.Build.0 = Release|Any CPU
	EndGlobalSection
	GlobalSection(SolutionProperties) = preSolution
		HideSolutionNode = FALSE
	EndGlobalSection
	GlobalSection(ExtensibilityGlobals) = postSolution
		SolutionGuid = {815D00E8-2370-4437-80D9-9AFAB09334F3}
	EndGlobalSection
EndGlobal
